<?xml version="1.0" encoding="utf-8"?>
<Project ToolsVersion="4.0" xmlns="http://schemas.microsoft.com/developer/msbuild/2003">
  <ItemGroup>
    <Filter Include="Quelldateien">
      <UniqueIdentifier>{4FC737F1-C7A5-4376-A066-2A32D752A2FF}</UniqueIdentifier>
      <Extensions>cpp;c;cc;cxx;def;odl;idl;hpj;bat;asm;asmx</Extensions>
    </Filter>
    <Filter Include="Headerdateien">
      <UniqueIdentifier>{93995380-89BD-4b04-88EB-625FBE52EBFB}</UniqueIdentifier>
      <Extensions>h;hh;hpp;hxx;hm;inl;inc;xsd</Extensions>
    </Filter>
    <Filter Include="Ressourcendateien">
      <UniqueIdentifier>{67DA6AB6-F800-4c08-8B7A-83BB121AAD01}</UniqueIdentifier>
      <Extensions>rc;ico;cur;bmp;dlg;rc2;rct;bin;rgs;gif;jpg;jpeg;jpe;resx;tiff;tif;png;wav;mfcribbon-ms</Extensions>
    </Filter>
    <Filter Include="Headerdateien\amx">
      <UniqueIdentifier>{84a41ab1-ffdf-4044-985b-cd7a7901ba34}</UniqueIdentifier>
    </Filter>
    <Filter Include="Headerdateien\includes">
      <UniqueIdentifier>{e318e7e5-d54e-4536-aa13-6178054a98a0}</UniqueIdentifier>
    </Filter>
  </ItemGroup>
  <ItemGroup>
    <ClCompile Include="main.cpp">
      <Filter>Quelldateien</Filter>
    </ClCompile>
    <ClCompile Include="amxplugin.cpp">
      <Filter>Quelldateien</Filter>
    </ClCompile>
    <ClCompile Include="AmxUtils.cpp">
      <Filter>Quelldateien</Filter>
    </ClCompile>
    <ClCompile Include="Server.cpp">
      <Filter>Quelldateien</Filter>
    </ClCompile>
  </ItemGroup>
  <ItemGroup>
    <None Include="sockets.def">
      <Filter>Quelldateien</Filter>
    </None>
    <None Include="includes\sockets.inc">
      <Filter>Headerdateien\includes</Filter>
    </None>
  </ItemGroup>
  <ItemGroup>
    <ClInclude Include="AmxUtils.h">
      <Filter>Headerdateien</Filter>
    </ClInclude>
    <ClInclude Include="plugincommon.h">
      <Filter>Headerdateien</Filter>
    </ClInclude>
    <ClInclude Include="amx\amx.h">
      <Filter>Headerdateien\amx</Filter>
    </ClInclude>
    <ClInclude Include="amx\sclinux.h">
      <Filter>Headerdateien\amx</Filter>
    </ClInclude>
    <ClInclude Include="settings.h">
      <Filter>Headerdateien</Filter>
    </ClInclude>
    <ClInclude Include="Server.h">
      <Filter>Headerdateien</Filter>
    </ClInclude>
    <ClInclude Include="Exceptions.h">
      <Filter>Headerdateien</Filter>
    </ClInclude>
    <ClInclude Include="ServerErrors.h">
      <Filter>Headerdateien</Filter>
    </ClInclude>
  </ItemGroup>
</Project>